
Microsoft Visual Studio Solution File, Format Version 12.00
# Visual Studio Version 17
VisualStudioVersion = 17.4.33205.214
MinimumVisualStudioVersion = 10.0.40219.1
Project("{FAE04EC0-301F-11D3-BF4B-00C04F79EFBC}") = "KnowledgeBase", "KnowledgeBase\KnowledgeBase.csproj", "{FE359C56-D720-4437-A7A9-30EF18569089}"
EndProject
Global
	GlobalSection(SolutionConfigurationPlatforms) = preSolution
		Debug|Any CPU = Debug|Any CPU
		Release|Any CPU = Release|Any CPU
	EndGlobalSection
	GlobalSection(ProjectConfigurationPlatforms) = postSolution
		{FE359C56-D720-4437-A7A9-30EF18569089}.Debug|Any CPU.ActiveCfg = Debug|Any CPU
		{FE359C56-D720-4437-A7A9-30EF18569089}.Debug|Any CPU.Build.0 = Debug|Any CPU
		{FE359C56-D720-4437-A7A9-30EF18569089}.Release|Any CPU.ActiveCfg = Release|Any CPU
		{FE359C56-D720-4437-A7A9-30EF18569089}.Release|Any CPU.Build.0 = Release|Any CPU
	EndGlobalSection
	GlobalSection(SolutionProperties) = preSolution
		HideSolutionNode = FALSE
	EndGlobalSection
	GlobalSection(ExtensibilityGlobals) = postSolution
		SolutionGuid = {975EA96E-3A8F-4AF4-B416-0C606F93A504}
	EndGlobalSection
EndGlobal
